
Microsoft Visual Studio Solution File, Format Version 12.00
# Visual Studio Version 17
VisualStudioVersion = 17.0.32112.339
MinimumVisualStudioVersion = 10.0.40219.1
Project("{9A19103F-16F7-4668-BE54-9A1E7A4F7556}") = "Web.App", "src\Frontend\Web\Web.App\Web.App.csproj", "{55C84238-E73D-4578-A3B3-A308E3BB71F0}"
EndProject
Project("{9A19103F-16F7-4668-BE54-9A1E7A4F7556}") = "Core.Common", "src\Core\Core.Common\Core.Common.csproj", "{C49C30A7-FD81-4683-95E6-6FC2325394AE}"
EndProject
Project("{2150E333-8FDC-42A3-9474-1A3956D46DE8}") = "Backend", "Backend", "{39AF1CDE-3036-4682-A5EB-876DEA7C7F53}"
EndProject
Project("{2150E333-8FDC-42A3-9474-1A3956D46DE8}") = "Frontend", "Frontend", "{FD219EEF-0827-41A3-A6E3-50DFEF156A8A}"
EndProject
Project("{2150E333-8FDC-42A3-9474-1A3956D46DE8}") = "Tests", "Tests", "{2BCDBAC4-FB24-4DDA-A329-A62CF468DAF2}"
EndProject
Project("{2150E333-8FDC-42A3-9474-1A3956D46DE8}") = "Unit", "Unit", "{0589F762-4577-480B-91D4-822E3214043B}"
EndProject
Project("{2150E333-8FDC-42A3-9474-1A3956D46DE8}") = "Web", "Web", "{D72C1C10-2A9C-47DA-9B79-10AFE15ECB50}"
EndProject
Project("{2150E333-8FDC-42A3-9474-1A3956D46DE8}") = "Desktop", "Desktop", "{7BEB28C2-C40F-443F-B196-5CD6560B5A77}"
EndProject
Project("{9A19103F-16F7-4668-BE54-9A1E7A4F7556}") = "Core.Contacts", "src\Core\Core.Contacts\Core.Contacts.csproj", "{22EF4B5E-A0F1-4A12-B351-B3CD20C79E74}"
EndProject
Project("{2150E333-8FDC-42A3-9474-1A3956D46DE8}") = "src", "src", "{1EEC7503-2CD2-44B2-888F-B573AC12A1D6}"
EndProject
Project("{2150E333-8FDC-42A3-9474-1A3956D46DE8}") = "Core", "Core", "{BF3B826E-6A71-41E1-B2C1-8AD2EC241C7F}"
EndProject
Project("{9A19103F-16F7-4668-BE54-9A1E7A4F7556}") = "Core.Identity", "src\Core\Core.Identity\Core.Identity.csproj", "{DE7DF868-CBBD-43F5-8C34-34000ED2CAF5}"
EndProject
Project("{9A19103F-16F7-4668-BE54-9A1E7A4F7556}") = "Desktop.Contacts", "src\Frontend\Desktop\Desktop.Contacts\Desktop.Contacts.csproj", "{53838EF5-6714-4482-8764-C5BF99F51167}"
EndProject
Project("{9A19103F-16F7-4668-BE54-9A1E7A4F7556}") = "Desktop.Authentication", "src\Frontend\Desktop\Desktop.Authentication\Desktop.Authentication.csproj", "{901629D7-8556-4863-B19F-5CD912F41188}"
EndProject
Project("{9A19103F-16F7-4668-BE54-9A1E7A4F7556}") = "Desktop.Common", "src\frontend\desktop\Desktop.Common\Desktop.Common.csproj", "{A2D68446-BF64-4A74-B921-32E0E1858113}"
EndProject
Project("{2150E333-8FDC-42A3-9474-1A3956D46DE8}") = "Identity", "Identity", "{82FE9A66-28FE-4E06-9C95-0E586295F301}"
EndProject
Project("{2150E333-8FDC-42A3-9474-1A3956D46DE8}") = "Contacts", "Contacts", "{F8F60AB4-DCC0-4396-87B2-B84763FBA5CA}"
EndProject
Project("{9A19103F-16F7-4668-BE54-9A1E7A4F7556}") = "Contacts.Api", "src\Backend\Contacts\Contacts.Api\Contacts.Api.csproj", "{2FD6A553-A8B5-4BE3-A8D0-34790A71D848}"
EndProject
Project("{9A19103F-16F7-4668-BE54-9A1E7A4F7556}") = "Identity.Common", "src\Backend\Identity\Identity.Common\Identity.Common.csproj", "{7EC5C37F-9A5D-48AA-A37A-5331DDBD8380}"
EndProject
Project("{9A19103F-16F7-4668-BE54-9A1E7A4F7556}") = "Identity.Api", "src\Backend\Identity\Identity.Api\Identity.Api.csproj", "{A547D8BE-DDC8-44B8-9E74-3B35F26C381A}"
EndProject
Project("{9A19103F-16F7-4668-BE54-9A1E7A4F7556}") = "Api.Services.Gateway", "src\Backend\Api.Services.Gateway\Api.Services.Gateway.csproj", "{47FDDDFF-F0D0-46E2-975E-B18CB9EBF77C}"
EndProject
Project("{9A19103F-16F7-4668-BE54-9A1E7A4F7556}") = "Web.Authentication", "src\Frontend\Web\Web.Authentication\Web.Authentication.csproj", "{8DDB5902-95F9-4EB1-8B69-43C39F347E8F}"
EndProject
Project("{9A19103F-16F7-4668-BE54-9A1E7A4F7556}") = "Contacts.Common", "src\Backend\Contacts\Contacts.Common\Contacts.Common.csproj", "{85E2989A-1059-48A2-A199-20FC76799518}"
EndProject
Project("{9A19103F-16F7-4668-BE54-9A1E7A4F7556}") = "Desktop.Main", "src\Frontend\Desktop\Desktop.Main\Desktop.Main.csproj", "{11A4573E-AFFB-4A32-A182-EABB04327F21}"
EndProject
Project("{9A19103F-16F7-4668-BE54-9A1E7A4F7556}") = "Desktop.Tests", "Tests\Unit\Desktop.Tests\Desktop.Tests.csproj", "{840B0B6A-2C5D-41A6-8B87-7538EE655F26}"
EndProject
Global
	GlobalSection(SolutionConfigurationPlatforms) = preSolution
		Debug|Any CPU = Debug|Any CPU
		Release|Any CPU = Release|Any CPU
	EndGlobalSection
	GlobalSection(ProjectConfigurationPlatforms) = postSolution
		{55C84238-E73D-4578-A3B3-A308E3BB71F0}.Debug|Any CPU.ActiveCfg = Debug|Any CPU
		{55C84238-E73D-4578-A3B3-A308E3BB71F0}.Debug|Any CPU.Build.0 = Debug|Any CPU
		{55C84238-E73D-4578-A3B3-A308E3BB71F0}.Release|Any CPU.ActiveCfg = Release|Any CPU
		{55C84238-E73D-4578-A3B3-A308E3BB71F0}.Release|Any CPU.Build.0 = Release|Any CPU
		{C49C30A7-FD81-4683-95E6-6FC2325394AE}.Debug|Any CPU.ActiveCfg = Debug|Any CPU
		{C49C30A7-FD81-4683-95E6-6FC2325394AE}.Debug|Any CPU.Build.0 = Debug|Any CPU
		{C49C30A7-FD81-4683-95E6-6FC2325394AE}.Release|Any CPU.ActiveCfg = Release|Any CPU
		{C49C30A7-FD81-4683-95E6-6FC2325394AE}.Release|Any CPU.Build.0 = Release|Any CPU
		{22EF4B5E-A0F1-4A12-B351-B3CD20C79E74}.Debug|Any CPU.ActiveCfg = Debug|Any CPU
		{22EF4B5E-A0F1-4A12-B351-B3CD20C79E74}.Debug|Any CPU.Build.0 = Debug|Any CPU
		{22EF4B5E-A0F1-4A12-B351-B3CD20C79E74}.Release|Any CPU.ActiveCfg = Release|Any CPU
		{22EF4B5E-A0F1-4A12-B351-B3CD20C79E74}.Release|Any CPU.Build.0 = Release|Any CPU
		{DE7DF868-CBBD-43F5-8C34-34000ED2CAF5}.Debug|Any CPU.ActiveCfg = Debug|Any CPU
		{DE7DF868-CBBD-43F5-8C34-34000ED2CAF5}.Debug|Any CPU.Build.0 = Debug|Any CPU
		{DE7DF868-CBBD-43F5-8C34-34000ED2CAF5}.Release|Any CPU.ActiveCfg = Release|Any CPU
		{DE7DF868-CBBD-43F5-8C34-34000ED2CAF5}.Release|Any CPU.Build.0 = Release|Any CPU
		{53838EF5-6714-4482-8764-C5BF99F51167}.Debug|Any CPU.ActiveCfg = Debug|Any CPU
		{53838EF5-6714-4482-8764-C5BF99F51167}.Debug|Any CPU.Build.0 = Debug|Any CPU
		{53838EF5-6714-4482-8764-C5BF99F51167}.Release|Any CPU.ActiveCfg = Release|Any CPU
		{53838EF5-6714-4482-8764-C5BF99F51167}.Release|Any CPU.Build.0 = Release|Any CPU
		{901629D7-8556-4863-B19F-5CD912F41188}.Debug|Any CPU.ActiveCfg = Debug|Any CPU
		{901629D7-8556-4863-B19F-5CD912F41188}.Debug|Any CPU.Build.0 = Debug|Any CPU
		{901629D7-8556-4863-B19F-5CD912F41188}.Release|Any CPU.ActiveCfg = Release|Any CPU
		{901629D7-8556-4863-B19F-5CD912F41188}.Release|Any CPU.Build.0 = Release|Any CPU
		{A2D68446-BF64-4A74-B921-32E0E1858113}.Debug|Any CPU.ActiveCfg = Debug|Any CPU
		{A2D68446-BF64-4A74-B921-32E0E1858113}.Debug|Any CPU.Build.0 = Debug|Any CPU
		{A2D68446-BF64-4A74-B921-32E0E1858113}.Release|Any CPU.ActiveCfg = Release|Any CPU
		{A2D68446-BF64-4A74-B921-32E0E1858113}.Release|Any CPU.Build.0 = Release|Any CPU
		{2FD6A553-A8B5-4BE3-A8D0-34790A71D848}.Debug|Any CPU.ActiveCfg = Debug|Any CPU
		{2FD6A553-A8B5-4BE3-A8D0-34790A71D848}.Debug|Any CPU.Build.0 = Debug|Any CPU
		{2FD6A553-A8B5-4BE3-A8D0-34790A71D848}.Release|Any CPU.ActiveCfg = Release|Any CPU
		{2FD6A553-A8B5-4BE3-A8D0-34790A71D848}.Release|Any CPU.Build.0 = Release|Any CPU
		{7EC5C37F-9A5D-48AA-A37A-5331DDBD8380}.Debug|Any CPU.ActiveCfg = Debug|Any CPU
		{7EC5C37F-9A5D-48AA-A37A-5331DDBD8380}.Debug|Any CPU.Build.0 = Debug|Any CPU
		{7EC5C37F-9A5D-48AA-A37A-5331DDBD8380}.Release|Any CPU.ActiveCfg = Release|Any CPU
		{7EC5C37F-9A5D-48AA-A37A-5331DDBD8380}.Release|Any CPU.Build.0 = Release|Any CPU
		{A547D8BE-DDC8-44B8-9E74-3B35F26C381A}.Debug|Any CPU.ActiveCfg = Debug|Any CPU
		{A547D8BE-DDC8-44B8-9E74-3B35F26C381A}.Debug|Any CPU.Build.0 = Debug|Any CPU
		{A547D8BE-DDC8-44B8-9E74-3B35F26C381A}.Release|Any CPU.ActiveCfg = Release|Any CPU
		{A547D8BE-DDC8-44B8-9E74-3B35F26C381A}.Release|Any CPU.Build.0 = Release|Any CPU
		{47FDDDFF-F0D0-46E2-975E-B18CB9EBF77C}.Debug|Any CPU.ActiveCfg = Debug|Any CPU
		{47FDDDFF-F0D0-46E2-975E-B18CB9EBF77C}.Debug|Any CPU.Build.0 = Debug|Any CPU
		{47FDDDFF-F0D0-46E2-975E-B18CB9EBF77C}.Release|Any CPU.ActiveCfg = Release|Any CPU
		{47FDDDFF-F0D0-46E2-975E-B18CB9EBF77C}.Release|Any CPU.Build.0 = Release|Any CPU
		{8DDB5902-95F9-4EB1-8B69-43C39F347E8F}.Debug|Any CPU.ActiveCfg = Debug|Any CPU
		{8DDB5902-95F9-4EB1-8B69-43C39F347E8F}.Debug|Any CPU.Build.0 = Debug|Any CPU
		{8DDB5902-95F9-4EB1-8B69-43C39F347E8F}.Release|Any CPU.ActiveCfg = Release|Any CPU
		{8DDB5902-95F9-4EB1-8B69-43C39F347E8F}.Release|Any CPU.Build.0 = Release|Any CPU
		{85E2989A-1059-48A2-A199-20FC76799518}.Debug|Any CPU.ActiveCfg = Debug|Any CPU
		{85E2989A-1059-48A2-A199-20FC76799518}.Debug|Any CPU.Build.0 = Debug|Any CPU
		{85E2989A-1059-48A2-A199-20FC76799518}.Release|Any CPU.ActiveCfg = Release|Any CPU
		{85E2989A-1059-48A2-A199-20FC76799518}.Release|Any CPU.Build.0 = Release|Any CPU
		{11A4573E-AFFB-4A32-A182-EABB04327F21}.Debug|Any CPU.ActiveCfg = Debug|Any CPU
		{11A4573E-AFFB-4A32-A182-EABB04327F21}.Debug|Any CPU.Build.0 = Debug|Any CPU
		{11A4573E-AFFB-4A32-A182-EABB04327F21}.Release|Any CPU.ActiveCfg = Release|Any CPU
		{11A4573E-AFFB-4A32-A182-EABB04327F21}.Release|Any CPU.Build.0 = Release|Any CPU
		{840B0B6A-2C5D-41A6-8B87-7538EE655F26}.Debug|Any CPU.ActiveCfg = Debug|Any CPU
		{840B0B6A-2C5D-41A6-8B87-7538EE655F26}.Debug|Any CPU.Build.0 = Debug|Any CPU
		{840B0B6A-2C5D-41A6-8B87-7538EE655F26}.Release|Any CPU.ActiveCfg = Release|Any CPU
		{840B0B6A-2C5D-41A6-8B87-7538EE655F26}.Release|Any CPU.Build.0 = Release|Any CPU
	EndGlobalSection
	GlobalSection(SolutionProperties) = preSolution
		HideSolutionNode = FALSE
	EndGlobalSection
	GlobalSection(NestedProjects) = preSolution
		{55C84238-E73D-4578-A3B3-A308E3BB71F0} = {D72C1C10-2A9C-47DA-9B79-10AFE15ECB50}
		{C49C30A7-FD81-4683-95E6-6FC2325394AE} = {BF3B826E-6A71-41E1-B2C1-8AD2EC241C7F}
		{39AF1CDE-3036-4682-A5EB-876DEA7C7F53} = {1EEC7503-2CD2-44B2-888F-B573AC12A1D6}
		{FD219EEF-0827-41A3-A6E3-50DFEF156A8A} = {1EEC7503-2CD2-44B2-888F-B573AC12A1D6}
		{0589F762-4577-480B-91D4-822E3214043B} = {2BCDBAC4-FB24-4DDA-A329-A62CF468DAF2}
		{D72C1C10-2A9C-47DA-9B79-10AFE15ECB50} = {FD219EEF-0827-41A3-A6E3-50DFEF156A8A}
		{7BEB28C2-C40F-443F-B196-5CD6560B5A77} = {FD219EEF-0827-41A3-A6E3-50DFEF156A8A}
		{22EF4B5E-A0F1-4A12-B351-B3CD20C79E74} = {BF3B826E-6A71-41E1-B2C1-8AD2EC241C7F}
		{BF3B826E-6A71-41E1-B2C1-8AD2EC241C7F} = {1EEC7503-2CD2-44B2-888F-B573AC12A1D6}
		{DE7DF868-CBBD-43F5-8C34-34000ED2CAF5} = {BF3B826E-6A71-41E1-B2C1-8AD2EC241C7F}
		{53838EF5-6714-4482-8764-C5BF99F51167} = {7BEB28C2-C40F-443F-B196-5CD6560B5A77}
		{901629D7-8556-4863-B19F-5CD912F41188} = {7BEB28C2-C40F-443F-B196-5CD6560B5A77}
		{A2D68446-BF64-4A74-B921-32E0E1858113} = {7BEB28C2-C40F-443F-B196-5CD6560B5A77}
		{82FE9A66-28FE-4E06-9C95-0E586295F301} = {39AF1CDE-3036-4682-A5EB-876DEA7C7F53}
		{F8F60AB4-DCC0-4396-87B2-B84763FBA5CA} = {39AF1CDE-3036-4682-A5EB-876DEA7C7F53}
		{2FD6A553-A8B5-4BE3-A8D0-34790A71D848} = {F8F60AB4-DCC0-4396-87B2-B84763FBA5CA}
		{7EC5C37F-9A5D-48AA-A37A-5331DDBD8380} = {82FE9A66-28FE-4E06-9C95-0E586295F301}
		{A547D8BE-DDC8-44B8-9E74-3B35F26C381A} = {82FE9A66-28FE-4E06-9C95-0E586295F301}
		{47FDDDFF-F0D0-46E2-975E-B18CB9EBF77C} = {39AF1CDE-3036-4682-A5EB-876DEA7C7F53}
		{8DDB5902-95F9-4EB1-8B69-43C39F347E8F} = {D72C1C10-2A9C-47DA-9B79-10AFE15ECB50}
		{85E2989A-1059-48A2-A199-20FC76799518} = {F8F60AB4-DCC0-4396-87B2-B84763FBA5CA}
		{11A4573E-AFFB-4A32-A182-EABB04327F21} = {7BEB28C2-C40F-443F-B196-5CD6560B5A77}
		{840B0B6A-2C5D-41A6-8B87-7538EE655F26} = {0589F762-4577-480B-91D4-822E3214043B}
	EndGlobalSection
	GlobalSection(ExtensibilityGlobals) = postSolution
		SolutionGuid = {D5515418-804C-453C-BC2F-8BC7EABC7FCE}
	EndGlobalSection
EndGlobal
