
Microsoft Visual Studio Solution File, Format Version 12.00
# Visual Studio Version 17
VisualStudioVersion = 17.0.32112.339
MinimumVisualStudioVersion = 10.0.40219.1
Project("{9A19103F-16F7-4668-BE54-9A1E7A4F7556}") = "Web.App", "src\Frontend\Web\Web.App\Web.App.csproj", "{55C84238-E73D-4578-A3B3-A308E3BB71F0}"
EndProject
Project("{9A19103F-16F7-4668-BE54-9A1E7A4F7556}") = "Core", "src\Domain\Core\Core.csproj", "{C49C30A7-FD81-4683-95E6-6FC2325394AE}"
EndProject
Project("{2150E333-8FDC-42A3-9474-1A3956D46DE8}") = "Backend", "Backend", "{39AF1CDE-3036-4682-A5EB-876DEA7C7F53}"
EndProject
Project("{2150E333-8FDC-42A3-9474-1A3956D46DE8}") = "Frontend", "Frontend", "{FD219EEF-0827-41A3-A6E3-50DFEF156A8A}"
EndProject
Project("{9A19103F-16F7-4668-BE54-9A1E7A4F7556}") = "Identity.Api", "src\Backend\API\Identity.Api\Identity.Api.csproj", "{16308DCD-F917-4801-8121-E28D1C46666F}"
EndProject
Project("{9A19103F-16F7-4668-BE54-9A1E7A4F7556}") = "Desktop.App", "src\Frontend\Desktop\Desktop.App\Desktop.App.csproj", "{69093E9E-2661-4BD5-A414-9B183F4F9D56}"
EndProject
Project("{9A19103F-16F7-4668-BE54-9A1E7A4F7556}") = "Api.Services.Gateway", "src\Backend\API\Api.Services.Gateway\Api.Services.Gateway.csproj", "{59598D80-EF19-43B3-B7F5-88A6A1552AE5}"
EndProject
Project("{2150E333-8FDC-42A3-9474-1A3956D46DE8}") = "Tests", "Tests", "{2BCDBAC4-FB24-4DDA-A329-A62CF468DAF2}"
EndProject
Project("{2150E333-8FDC-42A3-9474-1A3956D46DE8}") = "Unit", "Unit", "{0589F762-4577-480B-91D4-822E3214043B}"
EndProject
Project("{9A19103F-16F7-4668-BE54-9A1E7A4F7556}") = "Desktop.Tests", "Tests\Unit\Desktop.Tests\Desktop.Tests.csproj", "{B9CCF210-ABFF-488A-93F3-E6F600126813}"
EndProject
Project("{9A19103F-16F7-4668-BE54-9A1E7A4F7556}") = "Contacts.Data", "src\Backend\Infrastructure\Contacts.Data\Contacts.Data.csproj", "{E8DF8928-6397-45BA-A166-E59734EC1ED3}"
EndProject
Project("{2150E333-8FDC-42A3-9474-1A3956D46DE8}") = "API", "API", "{329C67F7-E76E-4A33-AF2D-3EC1A8F79BB1}"
EndProject
Project("{2150E333-8FDC-42A3-9474-1A3956D46DE8}") = "Web", "Web", "{D72C1C10-2A9C-47DA-9B79-10AFE15ECB50}"
EndProject
Project("{2150E333-8FDC-42A3-9474-1A3956D46DE8}") = "Desktop", "Desktop", "{7BEB28C2-C40F-443F-B196-5CD6560B5A77}"
EndProject
Project("{9A19103F-16F7-4668-BE54-9A1E7A4F7556}") = "Web.Tests", "Tests\Unit\Web.Tests\Web.Tests.csproj", "{90B75D36-8797-4247-A8E9-07889CDBB065}"
EndProject
Project("{9A19103F-16F7-4668-BE54-9A1E7A4F7556}") = "ContactBook", "src\Domain\ContactBook\ContactBook.csproj", "{22EF4B5E-A0F1-4A12-B351-B3CD20C79E74}"
EndProject
Project("{9A19103F-16F7-4668-BE54-9A1E7A4F7556}") = "Contacts.Api", "src\Backend\API\Contacts.Api\Contacts.Api.csproj", "{B3B75087-F997-4564-B316-89FD56E0A577}"
EndProject
Project("{2150E333-8FDC-42A3-9474-1A3956D46DE8}") = "src", "src", "{1EEC7503-2CD2-44B2-888F-B573AC12A1D6}"
EndProject
Project("{2150E333-8FDC-42A3-9474-1A3956D46DE8}") = "Domain", "Domain", "{BF3B826E-6A71-41E1-B2C1-8AD2EC241C7F}"
EndProject
Project("{9A19103F-16F7-4668-BE54-9A1E7A4F7556}") = "Identity", "src\Domain\Identity\Identity.csproj", "{DE7DF868-CBBD-43F5-8C34-34000ED2CAF5}"
EndProject
Project("{2150E333-8FDC-42A3-9474-1A3956D46DE8}") = "Infrastructure", "Infrastructure", "{75FCD822-E998-4C94-9FC8-C9588D237E33}"
EndProject
Project("{9A19103F-16F7-4668-BE54-9A1E7A4F7556}") = "Identity.Data", "src\backend\Infrastructure\Identity.Data\Identity.Data.csproj", "{E10113CD-44E2-4E36-8AC7-55068A71BE51}"
EndProject
Project("{9A19103F-16F7-4668-BE54-9A1E7A4F7556}") = "Web.ContactBook", "src\Frontend\Web\Web.ContactBook\Web.ContactBook.csproj", "{6D87CC6F-5220-401C-B35C-93E4FA4B9FF3}"
EndProject
Project("{9A19103F-16F7-4668-BE54-9A1E7A4F7556}") = "Desktop.ContactBook", "src\Frontend\Desktop\Desktop.ContactBook\Desktop.ContactBook.csproj", "{53838EF5-6714-4482-8764-C5BF99F51167}"
EndProject
Project("{9A19103F-16F7-4668-BE54-9A1E7A4F7556}") = "Avalonia.App", "src\Frontend\Desktop\Avalonia.App\Avalonia.App.csproj", "{BD420D01-78FD-4186-A44D-7CA3FE6F0FDF}"
EndProject
Project("{9A19103F-16F7-4668-BE54-9A1E7A4F7556}") = "Desktop.Authentication", "src\Frontend\Desktop\Desktop.Authentication\Desktop.Authentication.csproj", "{901629D7-8556-4863-B19F-5CD912F41188}"
EndProject
Project("{9A19103F-16F7-4668-BE54-9A1E7A4F7556}") = "Desktop.Common", "src\frontend\desktop\Desktop.Common\Desktop.Common.csproj", "{A2D68446-BF64-4A74-B921-32E0E1858113}"
EndProject
Global
	GlobalSection(SolutionConfigurationPlatforms) = preSolution
		Debug|Any CPU = Debug|Any CPU
		Release|Any CPU = Release|Any CPU
	EndGlobalSection
	GlobalSection(ProjectConfigurationPlatforms) = postSolution
		{55C84238-E73D-4578-A3B3-A308E3BB71F0}.Debug|Any CPU.ActiveCfg = Debug|Any CPU
		{55C84238-E73D-4578-A3B3-A308E3BB71F0}.Debug|Any CPU.Build.0 = Debug|Any CPU
		{55C84238-E73D-4578-A3B3-A308E3BB71F0}.Release|Any CPU.ActiveCfg = Release|Any CPU
		{55C84238-E73D-4578-A3B3-A308E3BB71F0}.Release|Any CPU.Build.0 = Release|Any CPU
		{C49C30A7-FD81-4683-95E6-6FC2325394AE}.Debug|Any CPU.ActiveCfg = Debug|Any CPU
		{C49C30A7-FD81-4683-95E6-6FC2325394AE}.Debug|Any CPU.Build.0 = Debug|Any CPU
		{C49C30A7-FD81-4683-95E6-6FC2325394AE}.Release|Any CPU.ActiveCfg = Release|Any CPU
		{C49C30A7-FD81-4683-95E6-6FC2325394AE}.Release|Any CPU.Build.0 = Release|Any CPU
		{16308DCD-F917-4801-8121-E28D1C46666F}.Debug|Any CPU.ActiveCfg = Debug|Any CPU
		{16308DCD-F917-4801-8121-E28D1C46666F}.Debug|Any CPU.Build.0 = Debug|Any CPU
		{16308DCD-F917-4801-8121-E28D1C46666F}.Release|Any CPU.ActiveCfg = Release|Any CPU
		{16308DCD-F917-4801-8121-E28D1C46666F}.Release|Any CPU.Build.0 = Release|Any CPU
		{69093E9E-2661-4BD5-A414-9B183F4F9D56}.Debug|Any CPU.ActiveCfg = Debug|Any CPU
		{69093E9E-2661-4BD5-A414-9B183F4F9D56}.Debug|Any CPU.Build.0 = Debug|Any CPU
		{69093E9E-2661-4BD5-A414-9B183F4F9D56}.Release|Any CPU.ActiveCfg = Release|Any CPU
		{69093E9E-2661-4BD5-A414-9B183F4F9D56}.Release|Any CPU.Build.0 = Release|Any CPU
		{59598D80-EF19-43B3-B7F5-88A6A1552AE5}.Debug|Any CPU.ActiveCfg = Debug|Any CPU
		{59598D80-EF19-43B3-B7F5-88A6A1552AE5}.Debug|Any CPU.Build.0 = Debug|Any CPU
		{59598D80-EF19-43B3-B7F5-88A6A1552AE5}.Release|Any CPU.ActiveCfg = Release|Any CPU
		{59598D80-EF19-43B3-B7F5-88A6A1552AE5}.Release|Any CPU.Build.0 = Release|Any CPU
		{B9CCF210-ABFF-488A-93F3-E6F600126813}.Debug|Any CPU.ActiveCfg = Debug|Any CPU
		{B9CCF210-ABFF-488A-93F3-E6F600126813}.Debug|Any CPU.Build.0 = Debug|Any CPU
		{B9CCF210-ABFF-488A-93F3-E6F600126813}.Release|Any CPU.ActiveCfg = Release|Any CPU
		{B9CCF210-ABFF-488A-93F3-E6F600126813}.Release|Any CPU.Build.0 = Release|Any CPU
		{E8DF8928-6397-45BA-A166-E59734EC1ED3}.Debug|Any CPU.ActiveCfg = Debug|Any CPU
		{E8DF8928-6397-45BA-A166-E59734EC1ED3}.Debug|Any CPU.Build.0 = Debug|Any CPU
		{E8DF8928-6397-45BA-A166-E59734EC1ED3}.Release|Any CPU.ActiveCfg = Release|Any CPU
		{E8DF8928-6397-45BA-A166-E59734EC1ED3}.Release|Any CPU.Build.0 = Release|Any CPU
		{90B75D36-8797-4247-A8E9-07889CDBB065}.Debug|Any CPU.ActiveCfg = Debug|Any CPU
		{90B75D36-8797-4247-A8E9-07889CDBB065}.Debug|Any CPU.Build.0 = Debug|Any CPU
		{90B75D36-8797-4247-A8E9-07889CDBB065}.Release|Any CPU.ActiveCfg = Release|Any CPU
		{90B75D36-8797-4247-A8E9-07889CDBB065}.Release|Any CPU.Build.0 = Release|Any CPU
		{22EF4B5E-A0F1-4A12-B351-B3CD20C79E74}.Debug|Any CPU.ActiveCfg = Debug|Any CPU
		{22EF4B5E-A0F1-4A12-B351-B3CD20C79E74}.Debug|Any CPU.Build.0 = Debug|Any CPU
		{22EF4B5E-A0F1-4A12-B351-B3CD20C79E74}.Release|Any CPU.ActiveCfg = Release|Any CPU
		{22EF4B5E-A0F1-4A12-B351-B3CD20C79E74}.Release|Any CPU.Build.0 = Release|Any CPU
		{B3B75087-F997-4564-B316-89FD56E0A577}.Debug|Any CPU.ActiveCfg = Debug|Any CPU
		{B3B75087-F997-4564-B316-89FD56E0A577}.Debug|Any CPU.Build.0 = Debug|Any CPU
		{B3B75087-F997-4564-B316-89FD56E0A577}.Release|Any CPU.ActiveCfg = Release|Any CPU
		{B3B75087-F997-4564-B316-89FD56E0A577}.Release|Any CPU.Build.0 = Release|Any CPU
		{DE7DF868-CBBD-43F5-8C34-34000ED2CAF5}.Debug|Any CPU.ActiveCfg = Debug|Any CPU
		{DE7DF868-CBBD-43F5-8C34-34000ED2CAF5}.Debug|Any CPU.Build.0 = Debug|Any CPU
		{DE7DF868-CBBD-43F5-8C34-34000ED2CAF5}.Release|Any CPU.ActiveCfg = Release|Any CPU
		{DE7DF868-CBBD-43F5-8C34-34000ED2CAF5}.Release|Any CPU.Build.0 = Release|Any CPU
		{E10113CD-44E2-4E36-8AC7-55068A71BE51}.Debug|Any CPU.ActiveCfg = Debug|Any CPU
		{E10113CD-44E2-4E36-8AC7-55068A71BE51}.Debug|Any CPU.Build.0 = Debug|Any CPU
		{E10113CD-44E2-4E36-8AC7-55068A71BE51}.Release|Any CPU.ActiveCfg = Release|Any CPU
		{E10113CD-44E2-4E36-8AC7-55068A71BE51}.Release|Any CPU.Build.0 = Release|Any CPU
		{6D87CC6F-5220-401C-B35C-93E4FA4B9FF3}.Debug|Any CPU.ActiveCfg = Debug|Any CPU
		{6D87CC6F-5220-401C-B35C-93E4FA4B9FF3}.Debug|Any CPU.Build.0 = Debug|Any CPU
		{6D87CC6F-5220-401C-B35C-93E4FA4B9FF3}.Release|Any CPU.ActiveCfg = Release|Any CPU
		{6D87CC6F-5220-401C-B35C-93E4FA4B9FF3}.Release|Any CPU.Build.0 = Release|Any CPU
		{53838EF5-6714-4482-8764-C5BF99F51167}.Debug|Any CPU.ActiveCfg = Debug|Any CPU
		{53838EF5-6714-4482-8764-C5BF99F51167}.Debug|Any CPU.Build.0 = Debug|Any CPU
		{53838EF5-6714-4482-8764-C5BF99F51167}.Release|Any CPU.ActiveCfg = Release|Any CPU
		{53838EF5-6714-4482-8764-C5BF99F51167}.Release|Any CPU.Build.0 = Release|Any CPU
		{BD420D01-78FD-4186-A44D-7CA3FE6F0FDF}.Debug|Any CPU.ActiveCfg = Debug|Any CPU
		{BD420D01-78FD-4186-A44D-7CA3FE6F0FDF}.Debug|Any CPU.Build.0 = Debug|Any CPU
		{BD420D01-78FD-4186-A44D-7CA3FE6F0FDF}.Release|Any CPU.ActiveCfg = Release|Any CPU
		{BD420D01-78FD-4186-A44D-7CA3FE6F0FDF}.Release|Any CPU.Build.0 = Release|Any CPU
		{901629D7-8556-4863-B19F-5CD912F41188}.Debug|Any CPU.ActiveCfg = Debug|Any CPU
		{901629D7-8556-4863-B19F-5CD912F41188}.Debug|Any CPU.Build.0 = Debug|Any CPU
		{901629D7-8556-4863-B19F-5CD912F41188}.Release|Any CPU.ActiveCfg = Release|Any CPU
		{901629D7-8556-4863-B19F-5CD912F41188}.Release|Any CPU.Build.0 = Release|Any CPU
		{A2D68446-BF64-4A74-B921-32E0E1858113}.Debug|Any CPU.ActiveCfg = Debug|Any CPU
		{A2D68446-BF64-4A74-B921-32E0E1858113}.Debug|Any CPU.Build.0 = Debug|Any CPU
		{A2D68446-BF64-4A74-B921-32E0E1858113}.Release|Any CPU.ActiveCfg = Release|Any CPU
		{A2D68446-BF64-4A74-B921-32E0E1858113}.Release|Any CPU.Build.0 = Release|Any CPU
	EndGlobalSection
	GlobalSection(SolutionProperties) = preSolution
		HideSolutionNode = FALSE
	EndGlobalSection
	GlobalSection(NestedProjects) = preSolution
		{55C84238-E73D-4578-A3B3-A308E3BB71F0} = {D72C1C10-2A9C-47DA-9B79-10AFE15ECB50}
		{C49C30A7-FD81-4683-95E6-6FC2325394AE} = {BF3B826E-6A71-41E1-B2C1-8AD2EC241C7F}
		{39AF1CDE-3036-4682-A5EB-876DEA7C7F53} = {1EEC7503-2CD2-44B2-888F-B573AC12A1D6}
		{FD219EEF-0827-41A3-A6E3-50DFEF156A8A} = {1EEC7503-2CD2-44B2-888F-B573AC12A1D6}
		{16308DCD-F917-4801-8121-E28D1C46666F} = {329C67F7-E76E-4A33-AF2D-3EC1A8F79BB1}
		{69093E9E-2661-4BD5-A414-9B183F4F9D56} = {7BEB28C2-C40F-443F-B196-5CD6560B5A77}
		{59598D80-EF19-43B3-B7F5-88A6A1552AE5} = {329C67F7-E76E-4A33-AF2D-3EC1A8F79BB1}
		{0589F762-4577-480B-91D4-822E3214043B} = {2BCDBAC4-FB24-4DDA-A329-A62CF468DAF2}
		{B9CCF210-ABFF-488A-93F3-E6F600126813} = {0589F762-4577-480B-91D4-822E3214043B}
		{E8DF8928-6397-45BA-A166-E59734EC1ED3} = {75FCD822-E998-4C94-9FC8-C9588D237E33}
		{329C67F7-E76E-4A33-AF2D-3EC1A8F79BB1} = {39AF1CDE-3036-4682-A5EB-876DEA7C7F53}
		{D72C1C10-2A9C-47DA-9B79-10AFE15ECB50} = {FD219EEF-0827-41A3-A6E3-50DFEF156A8A}
		{7BEB28C2-C40F-443F-B196-5CD6560B5A77} = {FD219EEF-0827-41A3-A6E3-50DFEF156A8A}
		{90B75D36-8797-4247-A8E9-07889CDBB065} = {0589F762-4577-480B-91D4-822E3214043B}
		{22EF4B5E-A0F1-4A12-B351-B3CD20C79E74} = {BF3B826E-6A71-41E1-B2C1-8AD2EC241C7F}
		{B3B75087-F997-4564-B316-89FD56E0A577} = {329C67F7-E76E-4A33-AF2D-3EC1A8F79BB1}
		{BF3B826E-6A71-41E1-B2C1-8AD2EC241C7F} = {1EEC7503-2CD2-44B2-888F-B573AC12A1D6}
		{DE7DF868-CBBD-43F5-8C34-34000ED2CAF5} = {BF3B826E-6A71-41E1-B2C1-8AD2EC241C7F}
		{75FCD822-E998-4C94-9FC8-C9588D237E33} = {39AF1CDE-3036-4682-A5EB-876DEA7C7F53}
		{E10113CD-44E2-4E36-8AC7-55068A71BE51} = {75FCD822-E998-4C94-9FC8-C9588D237E33}
		{6D87CC6F-5220-401C-B35C-93E4FA4B9FF3} = {D72C1C10-2A9C-47DA-9B79-10AFE15ECB50}
		{53838EF5-6714-4482-8764-C5BF99F51167} = {7BEB28C2-C40F-443F-B196-5CD6560B5A77}
		{BD420D01-78FD-4186-A44D-7CA3FE6F0FDF} = {7BEB28C2-C40F-443F-B196-5CD6560B5A77}
		{901629D7-8556-4863-B19F-5CD912F41188} = {7BEB28C2-C40F-443F-B196-5CD6560B5A77}
		{A2D68446-BF64-4A74-B921-32E0E1858113} = {7BEB28C2-C40F-443F-B196-5CD6560B5A77}
	EndGlobalSection
	GlobalSection(ExtensibilityGlobals) = postSolution
		SolutionGuid = {D5515418-804C-453C-BC2F-8BC7EABC7FCE}
	EndGlobalSection
EndGlobal
