
Microsoft Visual Studio Solution File, Format Version 12.00
# Visual Studio Version 17
VisualStudioVersion = 17.0.32112.339
MinimumVisualStudioVersion = 10.0.40219.1
Project("{9A19103F-16F7-4668-BE54-9A1E7A4F7556}") = "Web", "Web\Web.csproj", "{55C84238-E73D-4578-A3B3-A308E3BB71F0}"
EndProject
Project("{9A19103F-16F7-4668-BE54-9A1E7A4F7556}") = "Core", "Core\Core.csproj", "{C49C30A7-FD81-4683-95E6-6FC2325394AE}"
EndProject
Project("{9A19103F-16F7-4668-BE54-9A1E7A4F7556}") = "ContactsDatabaseAPI", "DatabaseAPI\ContactsDatabaseAPI.csproj", "{EB080839-3783-447B-B77E-382F80995B5D}"
EndProject
Project("{2150E333-8FDC-42A3-9474-1A3956D46DE8}") = "Backend", "Backend", "{39AF1CDE-3036-4682-A5EB-876DEA7C7F53}"
EndProject
Project("{2150E333-8FDC-42A3-9474-1A3956D46DE8}") = "Frontend", "Frontend", "{FD219EEF-0827-41A3-A6E3-50DFEF156A8A}"
EndProject
Project("{9A19103F-16F7-4668-BE54-9A1E7A4F7556}") = "IdentityAPI", "IdentityAPI\IdentityAPI.csproj", "{16308DCD-F917-4801-8121-E28D1C46666F}"
EndProject
Project("{9A19103F-16F7-4668-BE54-9A1E7A4F7556}") = "Desktop", "WPF\Desktop.csproj", "{69093E9E-2661-4BD5-A414-9B183F4F9D56}"
EndProject
Project("{9A19103F-16F7-4668-BE54-9A1E7A4F7556}") = "ApiServices", "ApiServices\ApiServices.csproj", "{59598D80-EF19-43B3-B7F5-88A6A1552AE5}"
EndProject
Project("{2150E333-8FDC-42A3-9474-1A3956D46DE8}") = "Tests", "Tests", "{2BCDBAC4-FB24-4DDA-A329-A62CF468DAF2}"
EndProject
Global
	GlobalSection(SolutionConfigurationPlatforms) = preSolution
		Debug|Any CPU = Debug|Any CPU
		Release|Any CPU = Release|Any CPU
	EndGlobalSection
	GlobalSection(ProjectConfigurationPlatforms) = postSolution
		{55C84238-E73D-4578-A3B3-A308E3BB71F0}.Debug|Any CPU.ActiveCfg = Debug|Any CPU
		{55C84238-E73D-4578-A3B3-A308E3BB71F0}.Debug|Any CPU.Build.0 = Debug|Any CPU
		{55C84238-E73D-4578-A3B3-A308E3BB71F0}.Release|Any CPU.ActiveCfg = Release|Any CPU
		{55C84238-E73D-4578-A3B3-A308E3BB71F0}.Release|Any CPU.Build.0 = Release|Any CPU
		{C49C30A7-FD81-4683-95E6-6FC2325394AE}.Debug|Any CPU.ActiveCfg = Debug|Any CPU
		{C49C30A7-FD81-4683-95E6-6FC2325394AE}.Debug|Any CPU.Build.0 = Debug|Any CPU
		{C49C30A7-FD81-4683-95E6-6FC2325394AE}.Release|Any CPU.ActiveCfg = Release|Any CPU
		{C49C30A7-FD81-4683-95E6-6FC2325394AE}.Release|Any CPU.Build.0 = Release|Any CPU
		{EB080839-3783-447B-B77E-382F80995B5D}.Debug|Any CPU.ActiveCfg = Debug|Any CPU
		{EB080839-3783-447B-B77E-382F80995B5D}.Debug|Any CPU.Build.0 = Debug|Any CPU
		{EB080839-3783-447B-B77E-382F80995B5D}.Release|Any CPU.ActiveCfg = Release|Any CPU
		{EB080839-3783-447B-B77E-382F80995B5D}.Release|Any CPU.Build.0 = Release|Any CPU
		{16308DCD-F917-4801-8121-E28D1C46666F}.Debug|Any CPU.ActiveCfg = Debug|Any CPU
		{16308DCD-F917-4801-8121-E28D1C46666F}.Debug|Any CPU.Build.0 = Debug|Any CPU
		{16308DCD-F917-4801-8121-E28D1C46666F}.Release|Any CPU.ActiveCfg = Release|Any CPU
		{16308DCD-F917-4801-8121-E28D1C46666F}.Release|Any CPU.Build.0 = Release|Any CPU
		{69093E9E-2661-4BD5-A414-9B183F4F9D56}.Debug|Any CPU.ActiveCfg = Debug|Any CPU
		{69093E9E-2661-4BD5-A414-9B183F4F9D56}.Debug|Any CPU.Build.0 = Debug|Any CPU
		{69093E9E-2661-4BD5-A414-9B183F4F9D56}.Release|Any CPU.ActiveCfg = Release|Any CPU
		{69093E9E-2661-4BD5-A414-9B183F4F9D56}.Release|Any CPU.Build.0 = Release|Any CPU
		{59598D80-EF19-43B3-B7F5-88A6A1552AE5}.Debug|Any CPU.ActiveCfg = Debug|Any CPU
		{59598D80-EF19-43B3-B7F5-88A6A1552AE5}.Debug|Any CPU.Build.0 = Debug|Any CPU
		{59598D80-EF19-43B3-B7F5-88A6A1552AE5}.Release|Any CPU.ActiveCfg = Release|Any CPU
		{59598D80-EF19-43B3-B7F5-88A6A1552AE5}.Release|Any CPU.Build.0 = Release|Any CPU
	EndGlobalSection
	GlobalSection(SolutionProperties) = preSolution
		HideSolutionNode = FALSE
	EndGlobalSection
	GlobalSection(NestedProjects) = preSolution
		{55C84238-E73D-4578-A3B3-A308E3BB71F0} = {FD219EEF-0827-41A3-A6E3-50DFEF156A8A}
		{C49C30A7-FD81-4683-95E6-6FC2325394AE} = {39AF1CDE-3036-4682-A5EB-876DEA7C7F53}
		{EB080839-3783-447B-B77E-382F80995B5D} = {39AF1CDE-3036-4682-A5EB-876DEA7C7F53}
		{16308DCD-F917-4801-8121-E28D1C46666F} = {39AF1CDE-3036-4682-A5EB-876DEA7C7F53}
		{69093E9E-2661-4BD5-A414-9B183F4F9D56} = {FD219EEF-0827-41A3-A6E3-50DFEF156A8A}
		{59598D80-EF19-43B3-B7F5-88A6A1552AE5} = {39AF1CDE-3036-4682-A5EB-876DEA7C7F53}
	EndGlobalSection
	GlobalSection(ExtensibilityGlobals) = postSolution
		SolutionGuid = {D5515418-804C-453C-BC2F-8BC7EABC7FCE}
	EndGlobalSection
EndGlobal
